
Microsoft Visual Studio Solution File, Format Version 12.00
# Visual Studio Version 17
VisualStudioVersion = 17.11.35312.102
MinimumVisualStudioVersion = 10.0.40219.1
Project("{FAE04EC0-301F-11D3-BF4B-00C04F79EFBC}") = "ChampionsLeague", "ChampionsLeague.csproj", "{90D87316-8C7B-4E88-B7AF-013E7BEB19B1}"
EndProject
Global
	GlobalSection(SolutionConfigurationPlatforms) = preSolution
		Debug|Any CPU = Debug|Any CPU
		Release|Any CPU = Release|Any CPU
	EndGlobalSection
	GlobalSection(ProjectConfigurationPlatforms) = postSolution
		{90D87316-8C7B-4E88-B7AF-013E7BEB19B1}.Debug|Any CPU.ActiveCfg = Debug|Any CPU
		{90D87316-8C7B-4E88-B7AF-013E7BEB19B1}.Debug|Any CPU.Build.0 = Debug|Any CPU
		{90D87316-8C7B-4E88-B7AF-013E7BEB19B1}.Release|Any CPU.ActiveCfg = Release|Any CPU
		{90D87316-8C7B-4E88-B7AF-013E7BEB19B1}.Release|Any CPU.Build.0 = Release|Any CPU
	EndGlobalSection
	GlobalSection(SolutionProperties) = preSolution
		HideSolutionNode = FALSE
	EndGlobalSection
	GlobalSection(ExtensibilityGlobals) = postSolution
		SolutionGuid = {09E1491B-B9DC-424F-A1F6-19EC0A085F9B}
	EndGlobalSection
EndGlobal
